// !$*UTF8*$!
{
	archiveVersion = 1;
	classes = {
	};
	objectVersion = 46;
	objects = {

/* Begin PBXBuildFile section */
		24A5BD201ED3FC6600B82B2F /* AppDelegate.swift in Sources */ = {isa = PBXBuildFile; fileRef = 24A5BD1F1ED3FC6500B82B2F /* AppDelegate.swift */; };
		24A5BD221ED3FC6600B82B2F /* ViewController.swift in Sources */ = {isa = PBXBuildFile; fileRef = 24A5BD211ED3FC6600B82B2F /* ViewController.swift */; };
		24A5BD251ED3FC6600B82B2F /* Main.storyboard in Resources */ = {isa = PBXBuildFile; fileRef = 24A5BD231ED3FC6600B82B2F /* Main.storyboard */; };
		24A5BD271ED3FC6600B82B2F /* Assets.xcassets in Resources */ = {isa = PBXBuildFile; fileRef = 24A5BD261ED3FC6600B82B2F /* Assets.xcassets */; };
		24A5BD2A1ED3FC6600B82B2F /* LaunchScreen.storyboard in Resources */ = {isa = PBXBuildFile; fileRef = 24A5BD281ED3FC6600B82B2F /* LaunchScreen.storyboard */; };
		C3BF65B79DF38F6DBC705D24 /* Pods_RxEventHubDynamicDemo.framework in Frameworks */ = {isa = PBXBuildFile; fileRef = CDD4A75C1A2DA860B6A8DE71 /* Pods_RxEventHubDynamicDemo.framework */; };
/* End PBXBuildFile section */

/* Begin PBXFileReference section */
		24A5BD1C1ED3FC6500B82B2F /* RxEventHubDynamicDemo.app */ = {isa = PBXFileReference; explicitFileType = wrapper.application; includeInIndex = 0; path = RxEventHubDynamicDemo.app; sourceTree = BUILT_PRODUCTS_DIR; };
		24A5BD1F1ED3FC6500B82B2F /* AppDelegate.swift */ = {isa = PBXFileReference; lastKnownFileType = sourcecode.swift; path = AppDelegate.swift; sourceTree = "<group>"; };
		24A5BD211ED3FC6600B82B2F /* ViewController.swift */ = {isa = PBXFileReference; lastKnownFileType = sourcecode.swift; path = ViewController.swift; sourceTree = "<group>"; };
		24A5BD241ED3FC6600B82B2F /* Base */ = {isa = PBXFileReference; lastKnownFileType = file.storyboard; name = Base; path = Base.lproj/Main.storyboard; sourceTree = "<group>"; };
		24A5BD261ED3FC6600B82B2F /* Assets.xcassets */ = {isa = PBXFileReference; lastKnownFileType = folder.assetcatalog; path = Assets.xcassets; sourceTree = "<group>"; };
		24A5BD291ED3FC6600B82B2F /* Base */ = {isa = PBXFileReference; lastKnownFileType = file.storyboard; name = Base; path = Base.lproj/LaunchScreen.storyboard; sourceTree = "<group>"; };
		24A5BD2B1ED3FC6600B82B2F /* Info.plist */ = {isa = PBXFileReference; lastKnownFileType = text.plist.xml; path = Info.plist; sourceTree = "<group>"; };
		CDD4A75C1A2DA860B6A8DE71 /* Pods_RxEventHubDynamicDemo.framework */ = {isa = PBXFileReference; explicitFileType = wrapper.framework; includeInIndex = 0; path = Pods_RxEventHubDynamicDemo.framework; sourceTree = BUILT_PRODUCTS_DIR; };
		DA5BB4584A1B6EE92B125ACE /* Pods-RxEventHubDynamicDemo.debug.xcconfig */ = {isa = PBXFileReference; includeInIndex = 1; lastKnownFileType = text.xcconfig; name = "Pods-RxEventHubDynamicDemo.debug.xcconfig"; path = "Pods/Target Support Files/Pods-RxEventHubDynamicDemo/Pods-RxEventHubDynamicDemo.debug.xcconfig"; sourceTree = "<group>"; };
		EF73E6FEBCD1476A3E2FF1DB /* Pods-RxEventHubDynamicDemo.release.xcconfig */ = {isa = PBXFileReference; includeInIndex = 1; lastKnownFileType = text.xcconfig; name = "Pods-RxEventHubDynamicDemo.release.xcconfig"; path = "Pods/Target Support Files/Pods-RxEventHubDynamicDemo/Pods-RxEventHubDynamicDemo.release.xcconfig"; sourceTree = "<group>"; };
/* End PBXFileReference section */

/* Begin PBXFrameworksBuildPhase section */
		24A5BD191ED3FC6500B82B2F /* Frameworks */ = {
			isa = PBXFrameworksBuildPhase;
			buildActionMask = 2147483647;
			files = (
				C3BF65B79DF38F6DBC705D24 /* Pods_RxEventHubDynamicDemo.framework in Frameworks */,
			);
			runOnlyForDeploymentPostprocessing = 0;
		};
/* End PBXFrameworksBuildPhase section */

/* Begin PBXGroup section */
		24A5BD131ED3FC6500B82B2F = {
			isa = PBXGroup;
			children = (
				24A5BD1E1ED3FC6500B82B2F /* RxEventHubDynamicDemo */,
				24A5BD1D1ED3FC6500B82B2F /* Products */,
				F6DB0356FF08314B97862A91 /* Pods */,
				644C6FF95927742DBB09D1F5 /* Frameworks */,
			);
			sourceTree = "<group>";
		};
		24A5BD1D1ED3FC6500B82B2F /* Products */ = {
			isa = PBXGroup;
			children = (
				24A5BD1C1ED3FC6500B82B2F /* RxEventHubDynamicDemo.app */,
			);
			name = Products;
			sourceTree = "<group>";
		};
		24A5BD1E1ED3FC6500B82B2F /* RxEventHubDynamicDemo */ = {
			isa = PBXGroup;
			children = (
				24A5BD1F1ED3FC6500B82B2F /* AppDelegate.swift */,
				24A5BD211ED3FC6600B82B2F /* ViewController.swift */,
				24A5BD231ED3FC6600B82B2F /* Main.storyboard */,
				24A5BD261ED3FC6600B82B2F /* Assets.xcassets */,
				24A5BD281ED3FC6600B82B2F /* LaunchScreen.storyboard */,
				24A5BD2B1ED3FC6600B82B2F /* Info.plist */,
			);
			path = RxEventHubDynamicDemo;
			sourceTree = "<group>";
		};
		644C6FF95927742DBB09D1F5 /* Frameworks */ = {
			isa = PBXGroup;
			children = (
				CDD4A75C1A2DA860B6A8DE71 /* Pods_RxEventHubDynamicDemo.framework */,
			);
			name = Frameworks;
			sourceTree = "<group>";
		};
		F6DB0356FF08314B97862A91 /* Pods */ = {
			isa = PBXGroup;
			children = (
				DA5BB4584A1B6EE92B125ACE /* Pods-RxEventHubDynamicDemo.debug.xcconfig */,
				EF73E6FEBCD1476A3E2FF1DB /* Pods-RxEventHubDynamicDemo.release.xcconfig */,
			);
			name = Pods;
			sourceTree = "<group>";
		};
/* End PBXGroup section */

/* Begin PBXNativeTarget section */
		24A5BD1B1ED3FC6500B82B2F /* RxEventHubDynamicDemo */ = {
			isa = PBXNativeTarget;
			buildConfigurationList = 24A5BD2E1ED3FC6600B82B2F /* Build configuration list for PBXNativeTarget "RxEventHubDynamicDemo" */;
			buildPhases = (
				F77E4AE43C8F49F211D12D3D /* [CP] Check Pods Manifest.lock */,
				24A5BD181ED3FC6500B82B2F /* Sources */,
				24A5BD191ED3FC6500B82B2F /* Frameworks */,
				24A5BD1A1ED3FC6500B82B2F /* Resources */,
				F672CF1DB9EF7734F496093D /* [CP] Embed Pods Frameworks */,
				387F8D7DD8CF327CADBCA919 /* [CP] Copy Pods Resources */,
			);
			buildRules = (
			);
			dependencies = (
			);
			name = RxEventHubDynamicDemo;
			productName = RxEventHubDynamicDemo;
			productReference = 24A5BD1C1ED3FC6500B82B2F /* RxEventHubDynamicDemo.app */;
			productType = "com.apple.product-type.application";
		};
/* End PBXNativeTarget section */

/* Begin PBXProject section */
		24A5BD141ED3FC6500B82B2F /* Project object */ = {
			isa = PBXProject;
			attributes = {
				LastSwiftUpdateCheck = 0820;
				LastUpgradeCheck = 0820;
				ORGANIZATIONNAME = RxEventHubDynamicDemo;
				TargetAttributes = {
					24A5BD1B1ED3FC6500B82B2F = {
						CreatedOnToolsVersion = 8.2.1;
						DevelopmentTeam = P2KQ62R5X2;
						ProvisioningStyle = Automatic;
					};
				};
			};
			buildConfigurationList = 24A5BD171ED3FC6500B82B2F /* Build configuration list for PBXProject "RxEventHubDynamicDemo" */;
			compatibilityVersion = "Xcode 3.2";
			developmentRegion = English;
			hasScannedForEncodings = 0;
			knownRegions = (
				en,
				Base,
			);
			mainGroup = 24A5BD131ED3FC6500B82B2F;
			productRefGroup = 24A5BD1D1ED3FC6500B82B2F /* Products */;
			projectDirPath = "";
			projectRoot = "";
			targets = (
				24A5BD1B1ED3FC6500B82B2F /* RxEventHubDynamicDemo */,
			);
		};
/* End PBXProject section */

/* Begin PBXResourcesBuildPhase section */
		24A5BD1A1ED3FC6500B82B2F /* Resources */ = {
			isa = PBXResourcesBuildPhase;
			buildActionMask = 2147483647;
			files = (
				24A5BD2A1ED3FC6600B82B2F /* LaunchScreen.storyboard in Resources */,
				24A5BD271ED3FC6600B82B2F /* Assets.xcassets in Resources */,
				24A5BD251ED3FC6600B82B2F /* Main.storyboard in Resources */,
			);
			runOnlyForDeploymentPostprocessing = 0;
		};
/* End PBXResourcesBuildPhase section */

/* Begin PBXShellScriptBuildPhase section */
		387F8D7DD8CF327CADBCA919 /* [CP] Copy Pods Resources */ = {
			isa = PBXShellScriptBuildPhase;
			buildActionMask = 2147483647;
			files = (
			);
			inputPaths = (
			);
			name = "[CP] Copy Pods Resources";
			outputPaths = (
			);
			runOnlyForDeploymentPostprocessing = 0;
			shellPath = /bin/sh;
			shellScript = "\"${SRCROOT}/Pods/Target Support Files/Pods-RxEventHubDynamicDemo/Pods-RxEventHubDynamicDemo-resources.sh\"\n";
			showEnvVarsInLog = 0;
		};
		F672CF1DB9EF7734F496093D /* [CP] Embed Pods Frameworks */ = {
			isa = PBXShellScriptBuildPhase;
			buildActionMask = 2147483647;
			files = (
			);
			inputPaths = (
			);
			name = "[CP] Embed Pods Frameworks";
			outputPaths = (
			);
			runOnlyForDeploymentPostprocessing = 0;
			shellPath = /bin/sh;
			shellScript = "\"${SRCROOT}/Pods/Target Support Files/Pods-RxEventHubDynamicDemo/Pods-RxEventHubDynamicDemo-frameworks.sh\"\n";
			showEnvVarsInLog = 0;
		};
		F77E4AE43C8F49F211D12D3D /* [CP] Check Pods Manifest.lock */ = {
			isa = PBXShellScriptBuildPhase;
			buildActionMask = 2147483647;
			files = (
			);
			inputPaths = (
			);
			name = "[CP] Check Pods Manifest.lock";
			outputPaths = (
			);
			runOnlyForDeploymentPostprocessing = 0;
			shellPath = /bin/sh;
			shellScript = "diff \"${PODS_ROOT}/../Podfile.lock\" \"${PODS_ROOT}/Manifest.lock\" > /dev/null\nif [ $? != 0 ] ; then\n    # print error to STDERR\n    echo \"error: The sandbox is not in sync with the Podfile.lock. Run 'pod install' or update your CocoaPods installation.\" >&2\n    exit 1\nfi\n";
			showEnvVarsInLog = 0;
		};
/* End PBXShellScriptBuildPhase section */

/* Begin PBXSourcesBuildPhase section */
		24A5BD181ED3FC6500B82B2F /* Sources */ = {
			isa = PBXSourcesBuildPhase;
			buildActionMask = 2147483647;
			files = (
				24A5BD221ED3FC6600B82B2F /* ViewController.swift in Sources */,
				24A5BD201ED3FC6600B82B2F /* AppDelegate.swift in Sources */,
			);
			runOnlyForDeploymentPostprocessing = 0;
		};
/* End PBXSourcesBuildPhase section */

/* Begin PBXVariantGroup section */
		24A5BD231ED3FC6600B82B2F /* Main.storyboard */ = {
			isa = PBXVariantGroup;
			children = (
				24A5BD241ED3FC6600B82B2F /* Base */,
			);
			name = Main.storyboard;
			sourceTree = "<group>";
		};
		24A5BD281ED3FC6600B82B2F /* LaunchScreen.storyboard */ = {
			isa = PBXVariantGroup;
			children = (
				24A5BD291ED3FC6600B82B2F /* Base */,
			);
			name = LaunchScreen.storyboard;
			sourceTree = "<group>";
		};
/* End PBXVariantGroup section */

/* Begin XCBuildConfiguration section */
		24A5BD2C1ED3FC6600B82B2F /* Debug */ = {
			isa = XCBuildConfiguration;
			buildSettings = {
				ALWAYS_SEARCH_USER_PATHS = NO;
				CLANG_ANALYZER_NONNULL = YES;
				CLANG_CXX_LANGUAGE_STANDARD = "gnu++0x";
				CLANG_CXX_LIBRARY = "libc++";
				CLANG_ENABLE_MODULES = YES;
				CLANG_ENABLE_OBJC_ARC = YES;
				CLANG_WARN_BOOL_CONVERSION = YES;
				CLANG_WARN_CONSTANT_CONVERSION = YES;
				CLANG_WARN_DIRECT_OBJC_ISA_USAGE = YES_ERROR;
				CLANG_WARN_DOCUMENTATION_COMMENTS = YES;
				CLANG_WARN_EMPTY_BODY = YES;
				CLANG_WARN_ENUM_CONVERSION = YES;
				CLANG_WARN_INFINITE_RECURSION = YES;
				CLANG_WARN_INT_CONVERSION = YES;
				CLANG_WARN_OBJC_ROOT_CLASS = YES_ERROR;
				CLANG_WARN_SUSPICIOUS_MOVE = YES;
				CLANG_WARN_UNREACHABLE_CODE = YES;
				CLANG_WARN__DUPLICATE_METHOD_MATCH = YES;
				"CODE_SIGN_IDENTITY[sdk=iphoneos*]" = "iPhone Developer";
				COPY_PHASE_STRIP = NO;
				DEBUG_INFORMATION_FORMAT = dwarf;
				ENABLE_STRICT_OBJC_MSGSEND = YES;
				ENABLE_TESTABILITY = YES;
				GCC_C_LANGUAGE_STANDARD = gnu99;
				GCC_DYNAMIC_NO_PIC = NO;
				GCC_NO_COMMON_BLOCKS = YES;
				GCC_OPTIMIZATION_LEVEL = 0;
				GCC_PREPROCESSOR_DEFINITIONS = (
					"DEBUG=1",
					"$(inherited)",
				);
				GCC_WARN_64_TO_32_BIT_CONVERSION = YES;
				GCC_WARN_ABOUT_RETURN_TYPE = YES_ERROR;
				GCC_WARN_UNDECLARED_SELECTOR = YES;
				GCC_WARN_UNINITIALIZED_AUTOS = YES_AGGRESSIVE;
				GCC_WARN_UNUSED_FUNCTION = YES;
				GCC_WARN_UNUSED_VARIABLE = YES;
				IPHONEOS_DEPLOYMENT_TARGET = 10.2;
				MTL_ENABLE_DEBUG_INFO = YES;
				ONLY_ACTIVE_ARCH = YES;
				SDKROOT = iphoneos;
				SWIFT_ACTIVE_COMPILATION_CONDITIONS = DEBUG;
				SWIFT_OPTIMIZATION_LEVEL = "-Onone";
			};
			name = Debug;
		};
		24A5BD2D1ED3FC6600B82B2F /* Release */ = {
			isa = XCBuildConfiguration;
			buildSettings = {
				ALWAYS_SEARCH_USER_PATHS = NO;
				CLANG_ANALYZER_NONNULL = YES;
				CLANG_CXX_LANGUAGE_STANDARD = "gnu++0x";
				CLANG_CXX_LIBRARY = "libc++";
				CLANG_ENABLE_MODULES = YES;
				CLANG_ENABLE_OBJC_ARC = YES;
				CLANG_WARN_BOOL_CONVERSION = YES;
				CLANG_WARN_CONSTANT_CONVERSION = YES;
				CLANG_WARN_DIRECT_OBJC_ISA_USAGE = YES_ERROR;
				CLANG_WARN_DOCUMENTATION_COMMENTS = YES;
				CLANG_WARN_EMPTY_BODY = YES;
				CLANG_WARN_ENUM_CONVERSION = YES;
				CLANG_WARN_INFINITE_RECURSION = YES;
				CLANG_WARN_INT_CONVERSION = YES;
				CLANG_WARN_OBJC_ROOT_CLASS = YES_ERROR;
				CLANG_WARN_SUSPICIOUS_MOVE = YES;
				CLANG_WARN_UNREACHABLE_CODE = YES;
				CLANG_WARN__DUPLICATE_METHOD_MATCH = YES;
				"CODE_SIGN_IDENTITY[sdk=iphoneos*]" = "iPhone Developer";
				COPY_PHASE_STRIP = NO;
				DEBUG_INFORMATION_FORMAT = "dwarf-with-dsym";
				ENABLE_NS_ASSERTIONS = NO;
				ENABLE_STRICT_OBJC_MSGSEND = YES;
				GCC_C_LANGUAGE_STANDARD = gnu99;
				GCC_NO_COMMON_BLOCKS = YES;
				GCC_WARN_64_TO_32_BIT_CONVERSION = YES;
				GCC_WARN_ABOUT_RETURN_TYPE = YES_ERROR;
				GCC_WARN_UNDECLARED_SELECTOR = YES;
				GCC_WARN_UNINITIALIZED_AUTOS = YES_AGGRESSIVE;
				GCC_WARN_UNUSED_FUNCTION = YES;
				GCC_WARN_UNUSED_VARIABLE = YES;
				IPHONEOS_DEPLOYMENT_TARGET = 10.2;
				MTL_ENABLE_DEBUG_INFO = NO;
				SDKROOT = iphoneos;
				SWIFT_OPTIMIZATION_LEVEL = "-Owholemodule";
				VALIDATE_PRODUCT = YES;
			};
			name = Release;
		};
		24A5BD2F1ED3FC6600B82B2F /* Debug */ = {
			isa = XCBuildConfiguration;
			baseConfigurationReference = DA5BB4584A1B6EE92B125ACE /* Pods-RxEventHubDynamicDemo.debug.xcconfig */;
			buildSettings = {
				ASSETCATALOG_COMPILER_APPICON_NAME = AppIcon;
				DEVELOPMENT_TEAM = P2KQ62R5X2;
				INFOPLIST_FILE = RxEventHubDynamicDemo/Info.plist;
				LD_RUNPATH_SEARCH_PATHS = "$(inherited) @executable_path/Frameworks";
				PRODUCT_BUNDLE_IDENTIFIER = info.zzdjk6.RxEventHubDynamicDemo;
				PRODUCT_NAME = "$(TARGET_NAME)";
				SWIFT_VERSION = 2.3;
			};
			name = Debug;
		};
		24A5BD301ED3FC6600B82B2F /* Release */ = {
			isa = XCBuildConfiguration;
			baseConfigurationReference = EF73E6FEBCD1476A3E2FF1DB /* Pods-RxEventHubDynamicDemo.release.xcconfig */;
			buildSettings = {
				ASSETCATALOG_COMPILER_APPICON_NAME = AppIcon;
				DEVELOPMENT_TEAM = P2KQ62R5X2;
				INFOPLIST_FILE = RxEventHubDynamicDemo/Info.plist;
				LD_RUNPATH_SEARCH_PATHS = "$(inherited) @executable_path/Frameworks";
				PRODUCT_BUNDLE_IDENTIFIER = info.zzdjk6.RxEventHubDynamicDemo;
				PRODUCT_NAME = "$(TARGET_NAME)";
				SWIFT_VERSION = 2.3;
			};
			name = Release;
		};
/* End XCBuildConfiguration section */

/* Begin XCConfigurationList section */
		24A5BD171ED3FC6500B82B2F /* Build configuration list for PBXProject "RxEventHubDynamicDemo" */ = {
			isa = XCConfigurationList;
			buildConfigurations = (
				24A5BD2C1ED3FC6600B82B2F /* Debug */,
				24A5BD2D1ED3FC6600B82B2F /* Release */,
			);
			defaultConfigurationIsVisible = 0;
			defaultConfigurationName = Release;
		};
		24A5BD2E1ED3FC6600B82B2F /* Build configuration list for PBXNativeTarget "RxEventHubDynamicDemo" */ = {
			isa = XCConfigurationList;
			buildConfigurations = (
				24A5BD2F1ED3FC6600B82B2F /* Debug */,
				24A5BD301ED3FC6600B82B2F /* Release */,
			);
			defaultConfigurationIsVisible = 0;
			defaultConfigurationName = Release;
		};
/* End XCConfigurationList section */
	};
	rootObject = 24A5BD141ED3FC6500B82B2F /* Project object */;
}
